
Microsoft Visual Studio Solution File, Format Version 12.00
# Visual Studio Version 17
VisualStudioVersion = 17.8.34316.72
MinimumVisualStudioVersion = 10.0.40219.1
Project("{9A19103F-16F7-4668-BE54-9A1E7A4F7556}") = "datCal", "datCal\datCal.csproj", "{EDBFC418-7A37-4E86-AAD2-1D5367C39038}"
EndProject
Project("{9A19103F-16F7-4668-BE54-9A1E7A4F7556}") = "net8AngularDatum", "net8AngularDatum\net8AngularDatum.csproj", "{867DA92A-C95F-4673-A03C-3B63F6C0D517}"
EndProject
Global
	GlobalSection(SolutionConfigurationPlatforms) = preSolution
		Debug|Any CPU = Debug|Any CPU
		Release|Any CPU = Release|Any CPU
	EndGlobalSection
	GlobalSection(ProjectConfigurationPlatforms) = postSolution
		{EDBFC418-7A37-4E86-AAD2-1D5367C39038}.Debug|Any CPU.ActiveCfg = Debug|Any CPU
		{EDBFC418-7A37-4E86-AAD2-1D5367C39038}.Debug|Any CPU.Build.0 = Debug|Any CPU
		{EDBFC418-7A37-4E86-AAD2-1D5367C39038}.Release|Any CPU.ActiveCfg = Release|Any CPU
		{EDBFC418-7A37-4E86-AAD2-1D5367C39038}.Release|Any CPU.Build.0 = Release|Any CPU
		{867DA92A-C95F-4673-A03C-3B63F6C0D517}.Debug|Any CPU.ActiveCfg = Debug|Any CPU
		{867DA92A-C95F-4673-A03C-3B63F6C0D517}.Debug|Any CPU.Build.0 = Debug|Any CPU
		{867DA92A-C95F-4673-A03C-3B63F6C0D517}.Release|Any CPU.ActiveCfg = Release|Any CPU
		{867DA92A-C95F-4673-A03C-3B63F6C0D517}.Release|Any CPU.Build.0 = Release|Any CPU
	EndGlobalSection
	GlobalSection(SolutionProperties) = preSolution
		HideSolutionNode = FALSE
	EndGlobalSection
	GlobalSection(ExtensibilityGlobals) = postSolution
		SolutionGuid = {33EEC820-1958-46CB-989E-FA66C66A082A}
	EndGlobalSection
EndGlobal
